Microsoft Visual Studio Solution File, Format Version 12.00
# Visual Studio Version 17
VisualStudioVersion = 17.5.2.0
MinimumVisualStudioVersion = 10.0.40219.1
Project("{FAE04EC0-301F-11D3-BF4B-00C04F79EFBC}") = "DezSegundo", "DezSegundo.csproj", "{1B3CE225-5227-923A-E530-4100E5D274F7}"
EndProject
Global
	GlobalSection(SolutionConfigurationPlatforms) = preSolution
		Debug|Any CPU = Debug|Any CPU
		Release|Any CPU = Release|Any CPU
	EndGlobalSection
	GlobalSection(ProjectConfigurationPlatforms) = postSolution
		{1B3CE225-5227-923A-E530-4100E5D274F7}.Debug|Any CPU.ActiveCfg = Debug|Any CPU
		{1B3CE225-5227-923A-E530-4100E5D274F7}.Debug|Any CPU.Build.0 = Debug|Any CPU
		{1B3CE225-5227-923A-E530-4100E5D274F7}.Release|Any CPU.ActiveCfg = Release|Any CPU
		{1B3CE225-5227-923A-E530-4100E5D274F7}.Release|Any CPU.Build.0 = Release|Any CPU
	EndGlobalSection
	GlobalSection(SolutionProperties) = preSolution
		HideSolutionNode = FALSE
	EndGlobalSection
	GlobalSection(ExtensibilityGlobals) = postSolution
		SolutionGuid = {BC828375-3AF5-4254-BB1E-A474899E2AF7}
	EndGlobalSection
EndGlobal
